
Microsoft Visual Studio Solution File, Format Version 12.00
# Visual Studio 15
VisualStudioVersion = 15.0.26403.7
MinimumVisualStudioVersion = 10.0.40219.1
Project("{FAE04EC0-301F-11D3-BF4B-00C04F79EFBC}") = "Papyrus", "Papyrus\Papyrus.csproj", "{C1F475D6-DAD4-4738-961B-12C42C14D90E}"
EndProject
Project("{FAE04EC0-301F-11D3-BF4B-00C04F79EFBC}") = "Papyrus.Tests", "Papyrus.Tests\Papyrus.Tests.csproj", "{BBA0E2EF-34A8-49CD-8228-C918009D5992}"
EndProject
Project("{FAE04EC0-301F-11D3-BF4B-00C04F79EFBC}") = "Papyrus.Demo", "Papyrus.Demo\Papyrus.Demo.csproj", "{3256DF5A-E1FE-4C64-8EEC-B33CF59688A9}"
EndProject
Project("{FAE04EC0-301F-11D3-BF4B-00C04F79EFBC}") = "Papyrus.HtmlParser", "Papyrus.HtmlParser\Papyrus.HtmlParser.csproj", "{B14BD7C5-CC0D-468E-8AC4-F3F6E8E84382}"
EndProject
Project("{FAE04EC0-301F-11D3-BF4B-00C04F79EFBC}") = "Papyrus.UI", "Papyrus.UI\Papyrus.UI.csproj", "{0F312EA9-696F-4BEA-968D-DE6AE88CFF34}"
EndProject
Global
	GlobalSection(SolutionConfigurationPlatforms) = preSolution
		Debug|Any CPU = Debug|Any CPU
		Debug|ARM = Debug|ARM
		Debug|x64 = Debug|x64
		Debug|x86 = Debug|x86
		Release|Any CPU = Release|Any CPU
		Release|ARM = Release|ARM
		Release|x64 = Release|x64
		Release|x86 = Release|x86
	EndGlobalSection
	GlobalSection(ProjectConfigurationPlatforms) = postSolution
		{C1F475D6-DAD4-4738-961B-12C42C14D90E}.Debug|Any CPU.ActiveCfg = Debug|Any CPU
		{C1F475D6-DAD4-4738-961B-12C42C14D90E}.Debug|Any CPU.Build.0 = Debug|Any CPU
		{C1F475D6-DAD4-4738-961B-12C42C14D90E}.Debug|ARM.ActiveCfg = Debug|ARM
		{C1F475D6-DAD4-4738-961B-12C42C14D90E}.Debug|ARM.Build.0 = Debug|ARM
		{C1F475D6-DAD4-4738-961B-12C42C14D90E}.Debug|x64.ActiveCfg = Debug|x64
		{C1F475D6-DAD4-4738-961B-12C42C14D90E}.Debug|x64.Build.0 = Debug|x64
		{C1F475D6-DAD4-4738-961B-12C42C14D90E}.Debug|x86.ActiveCfg = Debug|x86
		{C1F475D6-DAD4-4738-961B-12C42C14D90E}.Debug|x86.Build.0 = Debug|x86
		{C1F475D6-DAD4-4738-961B-12C42C14D90E}.Release|Any CPU.ActiveCfg = Release|Any CPU
		{C1F475D6-DAD4-4738-961B-12C42C14D90E}.Release|Any CPU.Build.0 = Release|Any CPU
		{C1F475D6-DAD4-4738-961B-12C42C14D90E}.Release|ARM.ActiveCfg = Release|ARM
		{C1F475D6-DAD4-4738-961B-12C42C14D90E}.Release|ARM.Build.0 = Release|ARM
		{C1F475D6-DAD4-4738-961B-12C42C14D90E}.Release|x64.ActiveCfg = Release|x64
		{C1F475D6-DAD4-4738-961B-12C42C14D90E}.Release|x64.Build.0 = Release|x64
		{C1F475D6-DAD4-4738-961B-12C42C14D90E}.Release|x86.ActiveCfg = Release|x86
		{C1F475D6-DAD4-4738-961B-12C42C14D90E}.Release|x86.Build.0 = Release|x86
		{BBA0E2EF-34A8-49CD-8228-C918009D5992}.Debug|Any CPU.ActiveCfg = Debug|x86
		{BBA0E2EF-34A8-49CD-8228-C918009D5992}.Debug|ARM.ActiveCfg = Debug|ARM
		{BBA0E2EF-34A8-49CD-8228-C918009D5992}.Debug|ARM.Build.0 = Debug|ARM
		{BBA0E2EF-34A8-49CD-8228-C918009D5992}.Debug|ARM.Deploy.0 = Debug|ARM
		{BBA0E2EF-34A8-49CD-8228-C918009D5992}.Debug|x64.ActiveCfg = Debug|x64
		{BBA0E2EF-34A8-49CD-8228-C918009D5992}.Debug|x64.Build.0 = Debug|x64
		{BBA0E2EF-34A8-49CD-8228-C918009D5992}.Debug|x64.Deploy.0 = Debug|x64
		{BBA0E2EF-34A8-49CD-8228-C918009D5992}.Debug|x86.ActiveCfg = Debug|x86
		{BBA0E2EF-34A8-49CD-8228-C918009D5992}.Debug|x86.Build.0 = Debug|x86
		{BBA0E2EF-34A8-49CD-8228-C918009D5992}.Debug|x86.Deploy.0 = Debug|x86
		{BBA0E2EF-34A8-49CD-8228-C918009D5992}.Release|Any CPU.ActiveCfg = Release|x86
		{BBA0E2EF-34A8-49CD-8228-C918009D5992}.Release|ARM.ActiveCfg = Release|ARM
		{BBA0E2EF-34A8-49CD-8228-C918009D5992}.Release|ARM.Build.0 = Release|ARM
		{BBA0E2EF-34A8-49CD-8228-C918009D5992}.Release|ARM.Deploy.0 = Release|ARM
		{BBA0E2EF-34A8-49CD-8228-C918009D5992}.Release|x64.ActiveCfg = Release|x64
		{BBA0E2EF-34A8-49CD-8228-C918009D5992}.Release|x64.Build.0 = Release|x64
		{BBA0E2EF-34A8-49CD-8228-C918009D5992}.Release|x64.Deploy.0 = Release|x64
		{BBA0E2EF-34A8-49CD-8228-C918009D5992}.Release|x86.ActiveCfg = Release|x86
		{BBA0E2EF-34A8-49CD-8228-C918009D5992}.Release|x86.Build.0 = Release|x86
		{BBA0E2EF-34A8-49CD-8228-C918009D5992}.Release|x86.Deploy.0 = Release|x86
		{3256DF5A-E1FE-4C64-8EEC-B33CF59688A9}.Debug|Any CPU.ActiveCfg = Debug|x86
		{3256DF5A-E1FE-4C64-8EEC-B33CF59688A9}.Debug|ARM.ActiveCfg = Debug|ARM
		{3256DF5A-E1FE-4C64-8EEC-B33CF59688A9}.Debug|ARM.Build.0 = Debug|ARM
		{3256DF5A-E1FE-4C64-8EEC-B33CF59688A9}.Debug|ARM.Deploy.0 = Debug|ARM
		{3256DF5A-E1FE-4C64-8EEC-B33CF59688A9}.Debug|x64.ActiveCfg = Debug|x64
		{3256DF5A-E1FE-4C64-8EEC-B33CF59688A9}.Debug|x64.Build.0 = Debug|x64
		{3256DF5A-E1FE-4C64-8EEC-B33CF59688A9}.Debug|x64.Deploy.0 = Debug|x64
		{3256DF5A-E1FE-4C64-8EEC-B33CF59688A9}.Debug|x86.ActiveCfg = Debug|x86
		{3256DF5A-E1FE-4C64-8EEC-B33CF59688A9}.Debug|x86.Build.0 = Debug|x86
		{3256DF5A-E1FE-4C64-8EEC-B33CF59688A9}.Debug|x86.Deploy.0 = Debug|x86
		{3256DF5A-E1FE-4C64-8EEC-B33CF59688A9}.Release|Any CPU.ActiveCfg = Release|x86
		{3256DF5A-E1FE-4C64-8EEC-B33CF59688A9}.Release|ARM.ActiveCfg = Release|ARM
		{3256DF5A-E1FE-4C64-8EEC-B33CF59688A9}.Release|ARM.Build.0 = Release|ARM
		{3256DF5A-E1FE-4C64-8EEC-B33CF59688A9}.Release|ARM.Deploy.0 = Release|ARM
		{3256DF5A-E1FE-4C64-8EEC-B33CF59688A9}.Release|x64.ActiveCfg = Release|x64
		{3256DF5A-E1FE-4C64-8EEC-B33CF59688A9}.Release|x64.Build.0 = Release|x64
		{3256DF5A-E1FE-4C64-8EEC-B33CF59688A9}.Release|x64.Deploy.0 = Release|x64
		{3256DF5A-E1FE-4C64-8EEC-B33CF59688A9}.Release|x86.ActiveCfg = Release|x86
		{3256DF5A-E1FE-4C64-8EEC-B33CF59688A9}.Release|x86.Build.0 = Release|x86
		{3256DF5A-E1FE-4C64-8EEC-B33CF59688A9}.Release|x86.Deploy.0 = Release|x86
		{B14BD7C5-CC0D-468E-8AC4-F3F6E8E84382}.Debug|Any CPU.ActiveCfg = Debug|Any CPU
		{B14BD7C5-CC0D-468E-8AC4-F3F6E8E84382}.Debug|Any CPU.Build.0 = Debug|Any CPU
		{B14BD7C5-CC0D-468E-8AC4-F3F6E8E84382}.Debug|ARM.ActiveCfg = Debug|ARM
		{B14BD7C5-CC0D-468E-8AC4-F3F6E8E84382}.Debug|ARM.Build.0 = Debug|ARM
		{B14BD7C5-CC0D-468E-8AC4-F3F6E8E84382}.Debug|x64.ActiveCfg = Debug|x64
		{B14BD7C5-CC0D-468E-8AC4-F3F6E8E84382}.Debug|x64.Build.0 = Debug|x64
		{B14BD7C5-CC0D-468E-8AC4-F3F6E8E84382}.Debug|x86.ActiveCfg = Debug|x86
		{B14BD7C5-CC0D-468E-8AC4-F3F6E8E84382}.Debug|x86.Build.0 = Debug|x86
		{B14BD7C5-CC0D-468E-8AC4-F3F6E8E84382}.Release|Any CPU.ActiveCfg = Release|Any CPU
		{B14BD7C5-CC0D-468E-8AC4-F3F6E8E84382}.Release|Any CPU.Build.0 = Release|Any CPU
		{B14BD7C5-CC0D-468E-8AC4-F3F6E8E84382}.Release|ARM.ActiveCfg = Release|ARM
		{B14BD7C5-CC0D-468E-8AC4-F3F6E8E84382}.Release|ARM.Build.0 = Release|ARM
		{B14BD7C5-CC0D-468E-8AC4-F3F6E8E84382}.Release|x64.ActiveCfg = Release|x64
		{B14BD7C5-CC0D-468E-8AC4-F3F6E8E84382}.Release|x64.Build.0 = Release|x64
		{B14BD7C5-CC0D-468E-8AC4-F3F6E8E84382}.Release|x86.ActiveCfg = Release|x86
		{B14BD7C5-CC0D-468E-8AC4-F3F6E8E84382}.Release|x86.Build.0 = Release|x86
		{0F312EA9-696F-4BEA-968D-DE6AE88CFF34}.Debug|Any CPU.ActiveCfg = Debug|Any CPU
		{0F312EA9-696F-4BEA-968D-DE6AE88CFF34}.Debug|Any CPU.Build.0 = Debug|Any CPU
		{0F312EA9-696F-4BEA-968D-DE6AE88CFF34}.Debug|ARM.ActiveCfg = Debug|ARM
		{0F312EA9-696F-4BEA-968D-DE6AE88CFF34}.Debug|ARM.Build.0 = Debug|ARM
		{0F312EA9-696F-4BEA-968D-DE6AE88CFF34}.Debug|x64.ActiveCfg = Debug|x64
		{0F312EA9-696F-4BEA-968D-DE6AE88CFF34}.Debug|x64.Build.0 = Debug|x64
		{0F312EA9-696F-4BEA-968D-DE6AE88CFF34}.Debug|x86.ActiveCfg = Debug|x86
		{0F312EA9-696F-4BEA-968D-DE6AE88CFF34}.Debug|x86.Build.0 = Debug|x86
		{0F312EA9-696F-4BEA-968D-DE6AE88CFF34}.Release|Any CPU.ActiveCfg = Release|Any CPU
		{0F312EA9-696F-4BEA-968D-DE6AE88CFF34}.Release|Any CPU.Build.0 = Release|Any CPU
		{0F312EA9-696F-4BEA-968D-DE6AE88CFF34}.Release|ARM.ActiveCfg = Release|ARM
		{0F312EA9-696F-4BEA-968D-DE6AE88CFF34}.Release|ARM.Build.0 = Release|ARM
		{0F312EA9-696F-4BEA-968D-DE6AE88CFF34}.Release|x64.ActiveCfg = Release|x64
		{0F312EA9-696F-4BEA-968D-DE6AE88CFF34}.Release|x64.Build.0 = Release|x64
		{0F312EA9-696F-4BEA-968D-DE6AE88CFF34}.Release|x86.ActiveCfg = Release|x86
		{0F312EA9-696F-4BEA-968D-DE6AE88CFF34}.Release|x86.Build.0 = Release|x86
	EndGlobalSection
	GlobalSection(SolutionProperties) = preSolution
		HideSolutionNode = FALSE
	EndGlobalSection
EndGlobal
